
Microsoft Visual Studio Solution File, Format Version 12.00
# Visual Studio 15
VisualStudioVersion = 15.0.28307.438
MinimumVisualStudioVersion = 10.0.40219.1
Project("{8BC9CEB8-8B4A-11D0-8D11-00A0C91BC942}") = "Exercise244", "Exercise244\Exercise244.vcxproj", "{A1825969-496C-4698-A7BE-9D611D114AFC}"
EndProject
Global
	GlobalSection(SolutionConfigurationPlatforms) = preSolution
		Debug|x64 = Debug|x64
		Debug|x86 = Debug|x86
		Release|x64 = Release|x64
		Release|x86 = Release|x86
	EndGlobalSection
	GlobalSection(ProjectConfigurationPlatforms) = postSolution
		{A1825969-496C-4698-A7BE-9D611D114AFC}.Debug|x64.ActiveCfg = Debug|x64
		{A1825969-496C-4698-A7BE-9D611D114AFC}.Debug|x64.Build.0 = Debug|x64
		{A1825969-496C-4698-A7BE-9D611D114AFC}.Debug|x86.ActiveCfg = Debug|Win32
		{A1825969-496C-4698-A7BE-9D611D114AFC}.Debug|x86.Build.0 = Debug|Win32
		{A1825969-496C-4698-A7BE-9D611D114AFC}.Release|x64.ActiveCfg = Release|x64
		{A1825969-496C-4698-A7BE-9D611D114AFC}.Release|x64.Build.0 = Release|x64
		{A1825969-496C-4698-A7BE-9D611D114AFC}.Release|x86.ActiveCfg = Release|Win32
		{A1825969-496C-4698-A7BE-9D611D114AFC}.Release|x86.Build.0 = Release|Win32
	EndGlobalSection
	GlobalSection(SolutionProperties) = preSolution
		HideSolutionNode = FALSE
	EndGlobalSection
	GlobalSection(ExtensibilityGlobals) = postSolution
		SolutionGuid = {5B92B2C6-A8A7-463A-A7BC-AFAAB72171B1}
	EndGlobalSection
EndGlobal
