
Microsoft Visual Studio Solution File, Format Version 12.00
# Visual Studio 15
VisualStudioVersion = 15.0.28307.438
MinimumVisualStudioVersion = 10.0.40219.1
Project("{8BC9CEB8-8B4A-11D0-8D11-00A0C91BC942}") = "Exercise174", "Exercise174\Exercise174.vcxproj", "{B3DEE8FA-6502-428B-BC0C-0542C0BD907E}"
EndProject
Global
	GlobalSection(SolutionConfigurationPlatforms) = preSolution
		Debug|x64 = Debug|x64
		Debug|x86 = Debug|x86
		Release|x64 = Release|x64
		Release|x86 = Release|x86
	EndGlobalSection
	GlobalSection(ProjectConfigurationPlatforms) = postSolution
		{B3DEE8FA-6502-428B-BC0C-0542C0BD907E}.Debug|x64.ActiveCfg = Debug|x64
		{B3DEE8FA-6502-428B-BC0C-0542C0BD907E}.Debug|x64.Build.0 = Debug|x64
		{B3DEE8FA-6502-428B-BC0C-0542C0BD907E}.Debug|x86.ActiveCfg = Debug|Win32
		{B3DEE8FA-6502-428B-BC0C-0542C0BD907E}.Debug|x86.Build.0 = Debug|Win32
		{B3DEE8FA-6502-428B-BC0C-0542C0BD907E}.Release|x64.ActiveCfg = Release|x64
		{B3DEE8FA-6502-428B-BC0C-0542C0BD907E}.Release|x64.Build.0 = Release|x64
		{B3DEE8FA-6502-428B-BC0C-0542C0BD907E}.Release|x86.ActiveCfg = Release|Win32
		{B3DEE8FA-6502-428B-BC0C-0542C0BD907E}.Release|x86.Build.0 = Release|Win32
	EndGlobalSection
	GlobalSection(SolutionProperties) = preSolution
		HideSolutionNode = FALSE
	EndGlobalSection
	GlobalSection(ExtensibilityGlobals) = postSolution
		SolutionGuid = {2E9F6D7E-09C7-443C-93EC-ECE8D5D55FC9}
	EndGlobalSection
EndGlobal
