
Microsoft Visual Studio Solution File, Format Version 12.00
# Visual Studio 15
VisualStudioVersion = 15.0.28307.438
MinimumVisualStudioVersion = 10.0.40219.1
Project("{8BC9CEB8-8B4A-11D0-8D11-00A0C91BC942}") = "Exercise355", "Exercise355\Exercise355.vcxproj", "{6A370C69-CA5D-4F02-8E2E-AE4628B13E27}"
EndProject
Global
	GlobalSection(SolutionConfigurationPlatforms) = preSolution
		Debug|x64 = Debug|x64
		Debug|x86 = Debug|x86
		Release|x64 = Release|x64
		Release|x86 = Release|x86
	EndGlobalSection
	GlobalSection(ProjectConfigurationPlatforms) = postSolution
		{6A370C69-CA5D-4F02-8E2E-AE4628B13E27}.Debug|x64.ActiveCfg = Debug|x64
		{6A370C69-CA5D-4F02-8E2E-AE4628B13E27}.Debug|x64.Build.0 = Debug|x64
		{6A370C69-CA5D-4F02-8E2E-AE4628B13E27}.Debug|x86.ActiveCfg = Debug|Win32
		{6A370C69-CA5D-4F02-8E2E-AE4628B13E27}.Debug|x86.Build.0 = Debug|Win32
		{6A370C69-CA5D-4F02-8E2E-AE4628B13E27}.Release|x64.ActiveCfg = Release|x64
		{6A370C69-CA5D-4F02-8E2E-AE4628B13E27}.Release|x64.Build.0 = Release|x64
		{6A370C69-CA5D-4F02-8E2E-AE4628B13E27}.Release|x86.ActiveCfg = Release|Win32
		{6A370C69-CA5D-4F02-8E2E-AE4628B13E27}.Release|x86.Build.0 = Release|Win32
	EndGlobalSection
	GlobalSection(SolutionProperties) = preSolution
		HideSolutionNode = FALSE
	EndGlobalSection
	GlobalSection(ExtensibilityGlobals) = postSolution
		SolutionGuid = {2A2BC4AB-1107-4260-AAE0-532FE80FA835}
	EndGlobalSection
EndGlobal
