
Microsoft Visual Studio Solution File, Format Version 12.00
# Visual Studio 15
VisualStudioVersion = 15.0.28307.438
MinimumVisualStudioVersion = 10.0.40219.1
Project("{8BC9CEB8-8B4A-11D0-8D11-00A0C91BC942}") = "Exercise152", "Exercise152\Exercise152.vcxproj", "{4E7CB1F7-B6B7-453A-80E3-4D86E89A2A49}"
EndProject
Global
	GlobalSection(SolutionConfigurationPlatforms) = preSolution
		Debug|x64 = Debug|x64
		Debug|x86 = Debug|x86
		Release|x64 = Release|x64
		Release|x86 = Release|x86
	EndGlobalSection
	GlobalSection(ProjectConfigurationPlatforms) = postSolution
		{4E7CB1F7-B6B7-453A-80E3-4D86E89A2A49}.Debug|x64.ActiveCfg = Debug|x64
		{4E7CB1F7-B6B7-453A-80E3-4D86E89A2A49}.Debug|x64.Build.0 = Debug|x64
		{4E7CB1F7-B6B7-453A-80E3-4D86E89A2A49}.Debug|x86.ActiveCfg = Debug|Win32
		{4E7CB1F7-B6B7-453A-80E3-4D86E89A2A49}.Debug|x86.Build.0 = Debug|Win32
		{4E7CB1F7-B6B7-453A-80E3-4D86E89A2A49}.Release|x64.ActiveCfg = Release|x64
		{4E7CB1F7-B6B7-453A-80E3-4D86E89A2A49}.Release|x64.Build.0 = Release|x64
		{4E7CB1F7-B6B7-453A-80E3-4D86E89A2A49}.Release|x86.ActiveCfg = Release|Win32
		{4E7CB1F7-B6B7-453A-80E3-4D86E89A2A49}.Release|x86.Build.0 = Release|Win32
	EndGlobalSection
	GlobalSection(SolutionProperties) = preSolution
		HideSolutionNode = FALSE
	EndGlobalSection
	GlobalSection(ExtensibilityGlobals) = postSolution
		SolutionGuid = {64729C3F-0AD8-4CBD-9343-1B21F375ED18}
	EndGlobalSection
EndGlobal
