
Microsoft Visual Studio Solution File, Format Version 12.00
# Visual Studio 15
VisualStudioVersion = 15.0.28307.438
MinimumVisualStudioVersion = 10.0.40219.1
Project("{8BC9CEB8-8B4A-11D0-8D11-00A0C91BC942}") = "Exercise42b3", "Exercise42b3\Exercise42b3.vcxproj", "{0BCCFBFA-91FB-4886-95FF-3C37A7707887}"
EndProject
Global
	GlobalSection(SolutionConfigurationPlatforms) = preSolution
		Debug|x64 = Debug|x64
		Debug|x86 = Debug|x86
		Release|x64 = Release|x64
		Release|x86 = Release|x86
	EndGlobalSection
	GlobalSection(ProjectConfigurationPlatforms) = postSolution
		{0BCCFBFA-91FB-4886-95FF-3C37A7707887}.Debug|x64.ActiveCfg = Debug|x64
		{0BCCFBFA-91FB-4886-95FF-3C37A7707887}.Debug|x64.Build.0 = Debug|x64
		{0BCCFBFA-91FB-4886-95FF-3C37A7707887}.Debug|x86.ActiveCfg = Debug|Win32
		{0BCCFBFA-91FB-4886-95FF-3C37A7707887}.Debug|x86.Build.0 = Debug|Win32
		{0BCCFBFA-91FB-4886-95FF-3C37A7707887}.Release|x64.ActiveCfg = Release|x64
		{0BCCFBFA-91FB-4886-95FF-3C37A7707887}.Release|x64.Build.0 = Release|x64
		{0BCCFBFA-91FB-4886-95FF-3C37A7707887}.Release|x86.ActiveCfg = Release|Win32
		{0BCCFBFA-91FB-4886-95FF-3C37A7707887}.Release|x86.Build.0 = Release|Win32
	EndGlobalSection
	GlobalSection(SolutionProperties) = preSolution
		HideSolutionNode = FALSE
	EndGlobalSection
	GlobalSection(ExtensibilityGlobals) = postSolution
		SolutionGuid = {673B0196-B02A-4A5B-84FB-41C6D12990AE}
	EndGlobalSection
EndGlobal
