
Microsoft Visual Studio Solution File, Format Version 12.00
# Visual Studio 15
VisualStudioVersion = 15.0.28307.438
MinimumVisualStudioVersion = 10.0.40219.1
Project("{8BC9CEB8-8B4A-11D0-8D11-00A0C91BC942}") = "Exercise251", "Exercise251\Exercise251.vcxproj", "{C509B80A-4461-4E46-982A-F6549AD89CEF}"
EndProject
Global
	GlobalSection(SolutionConfigurationPlatforms) = preSolution
		Debug|x64 = Debug|x64
		Debug|x86 = Debug|x86
		Release|x64 = Release|x64
		Release|x86 = Release|x86
	EndGlobalSection
	GlobalSection(ProjectConfigurationPlatforms) = postSolution
		{C509B80A-4461-4E46-982A-F6549AD89CEF}.Debug|x64.ActiveCfg = Debug|x64
		{C509B80A-4461-4E46-982A-F6549AD89CEF}.Debug|x64.Build.0 = Debug|x64
		{C509B80A-4461-4E46-982A-F6549AD89CEF}.Debug|x86.ActiveCfg = Debug|Win32
		{C509B80A-4461-4E46-982A-F6549AD89CEF}.Debug|x86.Build.0 = Debug|Win32
		{C509B80A-4461-4E46-982A-F6549AD89CEF}.Release|x64.ActiveCfg = Release|x64
		{C509B80A-4461-4E46-982A-F6549AD89CEF}.Release|x64.Build.0 = Release|x64
		{C509B80A-4461-4E46-982A-F6549AD89CEF}.Release|x86.ActiveCfg = Release|Win32
		{C509B80A-4461-4E46-982A-F6549AD89CEF}.Release|x86.Build.0 = Release|Win32
	EndGlobalSection
	GlobalSection(SolutionProperties) = preSolution
		HideSolutionNode = FALSE
	EndGlobalSection
	GlobalSection(ExtensibilityGlobals) = postSolution
		SolutionGuid = {B80894F5-288C-447E-ADC0-2E0EF17F1727}
	EndGlobalSection
EndGlobal
