
Microsoft Visual Studio Solution File, Format Version 12.00
# Visual Studio 15
VisualStudioVersion = 15.0.28307.438
MinimumVisualStudioVersion = 10.0.40219.1
Project("{8BC9CEB8-8B4A-11D0-8D11-00A0C91BC942}") = "Exercise241", "Exercise241\Exercise241.vcxproj", "{FE120D5E-6C88-4B0C-9310-FAFAB1DD6E50}"
EndProject
Global
	GlobalSection(SolutionConfigurationPlatforms) = preSolution
		Debug|x64 = Debug|x64
		Debug|x86 = Debug|x86
		Release|x64 = Release|x64
		Release|x86 = Release|x86
	EndGlobalSection
	GlobalSection(ProjectConfigurationPlatforms) = postSolution
		{FE120D5E-6C88-4B0C-9310-FAFAB1DD6E50}.Debug|x64.ActiveCfg = Debug|x64
		{FE120D5E-6C88-4B0C-9310-FAFAB1DD6E50}.Debug|x64.Build.0 = Debug|x64
		{FE120D5E-6C88-4B0C-9310-FAFAB1DD6E50}.Debug|x86.ActiveCfg = Debug|Win32
		{FE120D5E-6C88-4B0C-9310-FAFAB1DD6E50}.Debug|x86.Build.0 = Debug|Win32
		{FE120D5E-6C88-4B0C-9310-FAFAB1DD6E50}.Release|x64.ActiveCfg = Release|x64
		{FE120D5E-6C88-4B0C-9310-FAFAB1DD6E50}.Release|x64.Build.0 = Release|x64
		{FE120D5E-6C88-4B0C-9310-FAFAB1DD6E50}.Release|x86.ActiveCfg = Release|Win32
		{FE120D5E-6C88-4B0C-9310-FAFAB1DD6E50}.Release|x86.Build.0 = Release|Win32
	EndGlobalSection
	GlobalSection(SolutionProperties) = preSolution
		HideSolutionNode = FALSE
	EndGlobalSection
	GlobalSection(ExtensibilityGlobals) = postSolution
		SolutionGuid = {33380E4B-9DF0-4A22-B9D3-D3D9F104FD99}
	EndGlobalSection
EndGlobal
